
Microsoft Visual Studio Solution File, Format Version 12.00
# Visual Studio Version 16
VisualStudioVersion = 16.0.30804.86
MinimumVisualStudioVersion = 10.0.40219.1
Project("{FAE04EC0-301F-11D3-BF4B-00C04F79EFBC}") = "GamerProject", "GamerProject\GamerProject.csproj", "{C9B7D36F-87DF-4454-B0A2-9EE36B727727}"
EndProject
Global
	GlobalSection(SolutionConfigurationPlatforms) = preSolution
		Debug|Any CPU = Debug|Any CPU
		Release|Any CPU = Release|Any CPU
	EndGlobalSection
	GlobalSection(ProjectConfigurationPlatforms) = postSolution
		{C9B7D36F-87DF-4454-B0A2-9EE36B727727}.Debug|Any CPU.ActiveCfg = Debug|Any CPU
		{C9B7D36F-87DF-4454-B0A2-9EE36B727727}.Debug|Any CPU.Build.0 = Debug|Any CPU
		{C9B7D36F-87DF-4454-B0A2-9EE36B727727}.Release|Any CPU.ActiveCfg = Release|Any CPU
		{C9B7D36F-87DF-4454-B0A2-9EE36B727727}.Release|Any CPU.Build.0 = Release|Any CPU
	EndGlobalSection
	GlobalSection(SolutionProperties) = preSolution
		HideSolutionNode = FALSE
	EndGlobalSection
	GlobalSection(ExtensibilityGlobals) = postSolution
		SolutionGuid = {6CED1A7A-E43A-4A6C-A235-9CFFA4A46547}
	EndGlobalSection
EndGlobal
